
Microsoft Visual Studio Solution File, Format Version 12.00
# Visual Studio Version 16
VisualStudioVersion = 16.0.32106.194
MinimumVisualStudioVersion = 10.0.40219.1
Project("{FAE04EC0-301F-11D3-BF4B-00C04F79EFBC}") = "ConfiguratorLibrary", "ConfiguratorLibrary\ConfiguratorLibrary.csproj", "{D560B128-C363-4E41-BF3F-E2FD3E013251}"
EndProject
Project("{FAE04EC0-301F-11D3-BF4B-00C04F79EFBC}") = "ConfiguratorApp", "ConfiguratorApp\ConfiguratorApp.csproj", "{363A805C-01A0-4061-9FCB-DB6DA254CBBF}"
EndProject
Project("{FAE04EC0-301F-11D3-BF4B-00C04F79EFBC}") = "UnitTest", "UnitTest\UnitTest.csproj", "{3F400CF5-6E0B-4150-A84B-3432D6BA07F4}"
EndProject
Global
	GlobalSection(SolutionConfigurationPlatforms) = preSolution
		Debug|Any CPU = Debug|Any CPU
		Debug|x64 = Debug|x64
		Debug|x86 = Debug|x86
		Release|Any CPU = Release|Any CPU
		Release|x64 = Release|x64
		Release|x86 = Release|x86
	EndGlobalSection
	GlobalSection(ProjectConfigurationPlatforms) = postSolution
		{D560B128-C363-4E41-BF3F-E2FD3E013251}.Debug|Any CPU.ActiveCfg = Debug|Any CPU
		{D560B128-C363-4E41-BF3F-E2FD3E013251}.Debug|Any CPU.Build.0 = Debug|Any CPU
		{D560B128-C363-4E41-BF3F-E2FD3E013251}.Debug|x64.ActiveCfg = Debug|x64
		{D560B128-C363-4E41-BF3F-E2FD3E013251}.Debug|x64.Build.0 = Debug|x64
		{D560B128-C363-4E41-BF3F-E2FD3E013251}.Debug|x86.ActiveCfg = Debug|x86
		{D560B128-C363-4E41-BF3F-E2FD3E013251}.Debug|x86.Build.0 = Debug|x86
		{D560B128-C363-4E41-BF3F-E2FD3E013251}.Release|Any CPU.ActiveCfg = Release|Any CPU
		{D560B128-C363-4E41-BF3F-E2FD3E013251}.Release|Any CPU.Build.0 = Release|Any CPU
		{D560B128-C363-4E41-BF3F-E2FD3E013251}.Release|x64.ActiveCfg = Release|x64
		{D560B128-C363-4E41-BF3F-E2FD3E013251}.Release|x64.Build.0 = Release|x64
		{D560B128-C363-4E41-BF3F-E2FD3E013251}.Release|x86.ActiveCfg = Release|x86
		{D560B128-C363-4E41-BF3F-E2FD3E013251}.Release|x86.Build.0 = Release|x86
		{363A805C-01A0-4061-9FCB-DB6DA254CBBF}.Debug|Any CPU.ActiveCfg = Debug|Any CPU
		{363A805C-01A0-4061-9FCB-DB6DA254CBBF}.Debug|Any CPU.Build.0 = Debug|Any CPU
		{363A805C-01A0-4061-9FCB-DB6DA254CBBF}.Debug|x64.ActiveCfg = Debug|Any CPU
		{363A805C-01A0-4061-9FCB-DB6DA254CBBF}.Debug|x64.Build.0 = Debug|Any CPU
		{363A805C-01A0-4061-9FCB-DB6DA254CBBF}.Debug|x86.ActiveCfg = Debug|Any CPU
		{363A805C-01A0-4061-9FCB-DB6DA254CBBF}.Debug|x86.Build.0 = Debug|Any CPU
		{363A805C-01A0-4061-9FCB-DB6DA254CBBF}.Release|Any CPU.ActiveCfg = Release|Any CPU
		{363A805C-01A0-4061-9FCB-DB6DA254CBBF}.Release|Any CPU.Build.0 = Release|Any CPU
		{363A805C-01A0-4061-9FCB-DB6DA254CBBF}.Release|x64.ActiveCfg = Release|Any CPU
		{363A805C-01A0-4061-9FCB-DB6DA254CBBF}.Release|x64.Build.0 = Release|Any CPU
		{363A805C-01A0-4061-9FCB-DB6DA254CBBF}.Release|x86.ActiveCfg = Release|Any CPU
		{363A805C-01A0-4061-9FCB-DB6DA254CBBF}.Release|x86.Build.0 = Release|Any CPU
		{3F400CF5-6E0B-4150-A84B-3432D6BA07F4}.Debug|Any CPU.ActiveCfg = Debug|Any CPU
		{3F400CF5-6E0B-4150-A84B-3432D6BA07F4}.Debug|Any CPU.Build.0 = Debug|Any CPU
		{3F400CF5-6E0B-4150-A84B-3432D6BA07F4}.Debug|x64.ActiveCfg = Debug|Any CPU
		{3F400CF5-6E0B-4150-A84B-3432D6BA07F4}.Debug|x64.Build.0 = Debug|Any CPU
		{3F400CF5-6E0B-4150-A84B-3432D6BA07F4}.Debug|x86.ActiveCfg = Debug|Any CPU
		{3F400CF5-6E0B-4150-A84B-3432D6BA07F4}.Debug|x86.Build.0 = Debug|Any CPU
		{3F400CF5-6E0B-4150-A84B-3432D6BA07F4}.Release|Any CPU.ActiveCfg = Release|Any CPU
		{3F400CF5-6E0B-4150-A84B-3432D6BA07F4}.Release|Any CPU.Build.0 = Release|Any CPU
		{3F400CF5-6E0B-4150-A84B-3432D6BA07F4}.Release|x64.ActiveCfg = Release|Any CPU
		{3F400CF5-6E0B-4150-A84B-3432D6BA07F4}.Release|x64.Build.0 = Release|Any CPU
		{3F400CF5-6E0B-4150-A84B-3432D6BA07F4}.Release|x86.ActiveCfg = Release|Any CPU
		{3F400CF5-6E0B-4150-A84B-3432D6BA07F4}.Release|x86.Build.0 = Release|Any CPU
	EndGlobalSection
	GlobalSection(SolutionProperties) = preSolution
		HideSolutionNode = FALSE
	EndGlobalSection
	GlobalSection(ExtensibilityGlobals) = postSolution
		SolutionGuid = {5639D929-C7A6-42BB-A55C-21E6A41AA3EB}
	EndGlobalSection
EndGlobal
